// !$*UTF8*$!
{
	archiveVersion = 1;
	classes = {
	};
	objectVersion = 55;
	objects = {

/* Begin PBXBuildFile section */
		A53E830A2763863A00CA41B4 /* AppDelegate.swift in Sources */ = {isa = PBXBuildFile; fileRef = A53E83092763863A00CA41B4 /* AppDelegate.swift */; };
		A53E830C2763863A00CA41B4 /* SceneDelegate.swift in Sources */ = {isa = PBXBuildFile; fileRef = A53E830B2763863A00CA41B4 /* SceneDelegate.swift */; };
		A53E830E2763863A00CA41B4 /* ViewController.swift in Sources */ = {isa = PBXBuildFile; fileRef = A53E830D2763863A00CA41B4 /* ViewController.swift */; };
		A53E83112763863A00CA41B4 /* Main.storyboard in Resources */ = {isa = PBXBuildFile; fileRef = A53E830F2763863A00CA41B4 /* Main.storyboard */; };
		A53E83132763863B00CA41B4 /* Assets.xcassets in Resources */ = {isa = PBXBuildFile; fileRef = A53E83122763863B00CA41B4 /* Assets.xcassets */; };
		A53E83162763863B00CA41B4 /* LaunchScreen.storyboard in Resources */ = {isa = PBXBuildFile; fileRef = A53E83142763863B00CA41B4 /* LaunchScreen.storyboard */; };
		A53E83212763863B00CA41B4 /* MyFirstiOSAppTests.swift in Sources */ = {isa = PBXBuildFile; fileRef = A53E83202763863B00CA41B4 /* MyFirstiOSAppTests.swift */; };
		A53E832B2763863B00CA41B4 /* MyFirstiOSAppUITests.swift in Sources */ = {isa = PBXBuildFile; fileRef = A53E832A2763863B00CA41B4 /* MyFirstiOSAppUITests.swift */; };
		A53E832D2763863B00CA41B4 /* MyFirstiOSAppUITestsLaunchTests.swift in Sources */ = {isa = PBXBuildFile; fileRef = A53E832C2763863B00CA41B4 /* MyFirstiOSAppUITestsLaunchTests.swift */; };
/* End PBXBuildFile section */

/* Begin PBXContainerItemProxy section */
		A53E831D2763863B00CA41B4 /* PBXContainerItemProxy */ = {
			isa = PBXContainerItemProxy;
			containerPortal = A53E82FE2763863A00CA41B4 /* Project object */;
			proxyType = 1;
			remoteGlobalIDString = A53E83052763863A00CA41B4;
			remoteInfo = MyFirstiOSApp;
		};
		A53E83272763863B00CA41B4 /* PBXContainerItemProxy */ = {
			isa = PBXContainerItemProxy;
			containerPortal = A53E82FE2763863A00CA41B4 /* Project object */;
			proxyType = 1;
			remoteGlobalIDString = A53E83052763863A00CA41B4;
			remoteInfo = MyFirstiOSApp;
		};
/* End PBXContainerItemProxy section */

/* Begin PBXFileReference section */
		A53E83062763863A00CA41B4 /* MyFirstiOSApp.app */ = {isa = PBXFileReference; explicitFileType = wrapper.application; includeInIndex = 0; path = MyFirstiOSApp.app; sourceTree = BUILT_PRODUCTS_DIR; };
		A53E83092763863A00CA41B4 /* AppDelegate.swift */ = {isa = PBXFileReference; lastKnownFileType = sourcecode.swift; path = AppDelegate.swift; sourceTree = "<group>"; };
		A53E830B2763863A00CA41B4 /* SceneDelegate.swift */ = {isa = PBXFileReference; lastKnownFileType = sourcecode.swift; path = SceneDelegate.swift; sourceTree = "<group>"; };
		A53E830D2763863A00CA41B4 /* ViewController.swift */ = {isa = PBXFileReference; lastKnownFileType = sourcecode.swift; path = ViewController.swift; sourceTree = "<group>"; };
		A53E83102763863A00CA41B4 /* Base */ = {isa = PBXFileReference; lastKnownFileType = file.storyboard; name = Base; path = Base.lproj/Main.storyboard; sourceTree = "<group>"; };
		A53E83122763863B00CA41B4 /* Assets.xcassets */ = {isa = PBXFileReference; lastKnownFileType = folder.assetcatalog; path = Assets.xcassets; sourceTree = "<group>"; };
		A53E83152763863B00CA41B4 /* Base */ = {isa = PBXFileReference; lastKnownFileType = file.storyboard; name = Base; path = Base.lproj/LaunchScreen.storyboard; sourceTree = "<group>"; };
		A53E83172763863B00CA41B4 /* Info.plist */ = {isa = PBXFileReference; lastKnownFileType = text.plist.xml; path = Info.plist; sourceTree = "<group>"; };
		A53E831C2763863B00CA41B4 /* MyFirstiOSAppTests.xctest */ = {isa = PBXFileReference; explicitFileType = wrapper.cfbundle; includeInIndex = 0; path = MyFirstiOSAppTests.xctest; sourceTree = BUILT_PRODUCTS_DIR; };
		A53E83202763863B00CA41B4 /* MyFirstiOSAppTests.swift */ = {isa = PBXFileReference; lastKnownFileType = sourcecode.swift; path = MyFirstiOSAppTests.swift; sourceTree = "<group>"; };
		A53E83262763863B00CA41B4 /* MyFirstiOSAppUITests.xctest */ = {isa = PBXFileReference; explicitFileType = wrapper.cfbundle; includeInIndex = 0; path = MyFirstiOSAppUITests.xctest; sourceTree = BUILT_PRODUCTS_DIR; };
		A53E832A2763863B00CA41B4 /* MyFirstiOSAppUITests.swift */ = {isa = PBXFileReference; lastKnownFileType = sourcecode.swift; path = MyFirstiOSAppUITests.swift; sourceTree = "<group>"; };
		A53E832C2763863B00CA41B4 /* MyFirstiOSAppUITestsLaunchTests.swift */ = {isa = PBXFileReference; lastKnownFileType = sourcecode.swift; path = MyFirstiOSAppUITestsLaunchTests.swift; sourceTree = "<group>"; };
/* End PBXFileReference section */

/* Begin PBXFrameworksBuildPhase section */
		A53E83032763863A00CA41B4 /* Frameworks */ = {
			isa = PBXFrameworksBuildPhase;
			buildActionMask = 2147483647;
			files = (
			);
			runOnlyForDeploymentPostprocessing = 0;
		};
		A53E83192763863B00CA41B4 /* Frameworks */ = {
			isa = PBXFrameworksBuildPhase;
			buildActionMask = 2147483647;
			files = (
			);
			runOnlyForDeploymentPostprocessing = 0;
		};
		A53E83232763863B00CA41B4 /* Frameworks */ = {
			isa = PBXFrameworksBuildPhase;
			buildActionMask = 2147483647;
			files = (
			);
			runOnlyForDeploymentPostprocessing = 0;
		};
/* End PBXFrameworksBuildPhase section */

/* Begin PBXGroup section */
		A53E82FD2763863A00CA41B4 = {
			isa = PBXGroup;
			children = (
				A53E83082763863A00CA41B4 /* MyFirstiOSApp */,
				A53E831F2763863B00CA41B4 /* MyFirstiOSAppTests */,
				A53E83292763863B00CA41B4 /* MyFirstiOSAppUITests */,
				A53E83072763863A00CA41B4 /* Products */,
			);
			sourceTree = "<group>";
		};
		A53E83072763863A00CA41B4 /* Products */ = {
			isa = PBXGroup;
			children = (
				A53E83062763863A00CA41B4 /* MyFirstiOSApp.app */,
				A53E831C2763863B00CA41B4 /* MyFirstiOSAppTests.xctest */,
				A53E83262763863B00CA41B4 /* MyFirstiOSAppUITests.xctest */,
			);
			name = Products;
			sourceTree = "<group>";
		};
		A53E83082763863A00CA41B4 /* MyFirstiOSApp */ = {
			isa = PBXGroup;
			children = (
				A53E83092763863A00CA41B4 /* AppDelegate.swift */,
				A53E830B2763863A00CA41B4 /* SceneDelegate.swift */,
				A53E830D2763863A00CA41B4 /* ViewController.swift */,
				A53E830F2763863A00CA41B4 /* Main.storyboard */,
				A53E83122763863B00CA41B4 /* Assets.xcassets */,
				A53E83142763863B00CA41B4 /* LaunchScreen.storyboard */,
				A53E83172763863B00CA41B4 /* Info.plist */,
			);
			path = MyFirstiOSApp;
			sourceTree = "<group>";
		};
		A53E831F2763863B00CA41B4 /* MyFirstiOSAppTests */ = {
			isa = PBXGroup;
			children = (
				A53E83202763863B00CA41B4 /* MyFirstiOSAppTests.swift */,
			);
			path = MyFirstiOSAppTests;
			sourceTree = "<group>";
		};
		A53E83292763863B00CA41B4 /* MyFirstiOSAppUITests */ = {
			isa = PBXGroup;
			children = (
				A53E832A2763863B00CA41B4 /* MyFirstiOSAppUITests.swift */,
				A53E832C2763863B00CA41B4 /* MyFirstiOSAppUITestsLaunchTests.swift */,
			);
			path = MyFirstiOSAppUITests;
			sourceTree = "<group>";
		};
/* End PBXGroup section */

/* Begin PBXNativeTarget section */
		A53E83052763863A00CA41B4 /* MyFirstiOSApp */ = {
			isa = PBXNativeTarget;
			buildConfigurationList = A53E83302763863B00CA41B4 /* Build configuration list for PBXNativeTarget "MyFirstiOSApp" */;
			buildPhases = (
				A53E83022763863A00CA41B4 /* Sources */,
				A53E83032763863A00CA41B4 /* Frameworks */,
				A53E83042763863A00CA41B4 /* Resources */,
			);
			buildRules = (
			);
			dependencies = (
			);
			name = MyFirstiOSApp;
			productName = MyFirstiOSApp;
			productReference = A53E83062763863A00CA41B4 /* MyFirstiOSApp.app */;
			productType = "com.apple.product-type.application";
		};
		A53E831B2763863B00CA41B4 /* MyFirstiOSAppTests */ = {
			isa = PBXNativeTarget;
			buildConfigurationList = A53E83332763863B00CA41B4 /* Build configuration list for PBXNativeTarget "MyFirstiOSAppTests" */;
			buildPhases = (
				A53E83182763863B00CA41B4 /* Sources */,
				A53E83192763863B00CA41B4 /* Frameworks */,
				A53E831A2763863B00CA41B4 /* Resources */,
			);
			buildRules = (
			);
			dependencies = (
				A53E831E2763863B00CA41B4 /* PBXTargetDependency */,
			);
			name = MyFirstiOSAppTests;
			productName = MyFirstiOSAppTests;
			productReference = A53E831C2763863B00CA41B4 /* MyFirstiOSAppTests.xctest */;
			productType = "com.apple.product-type.bundle.unit-test";
		};
		A53E83252763863B00CA41B4 /* MyFirstiOSAppUITests */ = {
			isa = PBXNativeTarget;
			buildConfigurationList = A53E83362763863B00CA41B4 /* Build configuration list for PBXNativeTarget "MyFirstiOSAppUITests" */;
			buildPhases = (
				A53E83222763863B00CA41B4 /* Sources */,
				A53E83232763863B00CA41B4 /* Frameworks */,
				A53E83242763863B00CA41B4 /* Resources */,
			);
			buildRules = (
			);
			dependencies = (
				A53E83282763863B00CA41B4 /* PBXTargetDependency */,
			);
			name = MyFirstiOSAppUITests;
			productName = MyFirstiOSAppUITests;
			productReference = A53E83262763863B00CA41B4 /* MyFirstiOSAppUITests.xctest */;
			productType = "com.apple.product-type.bundle.ui-testing";
		};
/* End PBXNativeTarget section */

/* Begin PBXProject section */
		A53E82FE2763863A00CA41B4 /* Project object */ = {
			isa = PBXProject;
			attributes = {
				BuildIndependentTargetsInParallel = 1;
				LastSwiftUpdateCheck = 1310;
				LastUpgradeCheck = 1310;
				TargetAttributes = {
					A53E83052763863A00CA41B4 = {
						CreatedOnToolsVersion = 13.1;
					};
					A53E831B2763863B00CA41B4 = {
						CreatedOnToolsVersion = 13.1;
						TestTargetID = A53E83052763863A00CA41B4;
					};
					A53E83252763863B00CA41B4 = {
						CreatedOnToolsVersion = 13.1;
						TestTargetID = A53E83052763863A00CA41B4;
					};
				};
			};
			buildConfigurationList = A53E83012763863A00CA41B4 /* Build configuration list for PBXProject "MyFirstiOSApp" */;
			compatibilityVersion = "Xcode 13.0";
			developmentRegion = en;
			hasScannedForEncodings = 0;
			knownRegions = (
				en,
				Base,
			);
			mainGroup = A53E82FD2763863A00CA41B4;
			productRefGroup = A53E83072763863A00CA41B4 /* Products */;
			projectDirPath = "";
			projectRoot = "";
			targets = (
				A53E83052763863A00CA41B4 /* MyFirstiOSApp */,
				A53E831B2763863B00CA41B4 /* MyFirstiOSAppTests */,
				A53E83252763863B00CA41B4 /* MyFirstiOSAppUITests */,
			);
		};
/* End PBXProject section */

/* Begin PBXResourcesBuildPhase section */
		A53E83042763863A00CA41B4 /* Resources */ = {
			isa = PBXResourcesBuildPhase;
			buildActionMask = 2147483647;
			files = (
				A53E83162763863B00CA41B4 /* LaunchScreen.storyboard in Resources */,
				A53E83132763863B00CA41B4 /* Assets.xcassets in Resources */,
				A53E83112763863A00CA41B4 /* Main.storyboard in Resources */,
			);
			runOnlyForDeploymentPostprocessing = 0;
		};
		A53E831A2763863B00CA41B4 /* Resources */ = {
			isa = PBXResourcesBuildPhase;
			buildActionMask = 2147483647;
			files = (
			);
			runOnlyForDeploymentPostprocessing = 0;
		};
		A53E83242763863B00CA41B4 /* Resources */ = {
			isa = PBXResourcesBuildPhase;
			buildActionMask = 2147483647;
			files = (
			);
			runOnlyForDeploymentPostprocessing = 0;
		};
/* End PBXResourcesBuildPhase section */

/* Begin PBXSourcesBuildPhase section */
		A53E83022763863A00CA41B4 /* Sources */ = {
			isa = PBXSourcesBuildPhase;
			buildActionMask = 2147483647;
			files = (
				A53E830E2763863A00CA41B4 /* ViewController.swift in Sources */,
				A53E830A2763863A00CA41B4 /* AppDelegate.swift in Sources */,
				A53E830C2763863A00CA41B4 /* SceneDelegate.swift in Sources */,
			);
			runOnlyForDeploymentPostprocessing = 0;
		};
		A53E83182763863B00CA41B4 /* Sources */ = {
			isa = PBXSourcesBuildPhase;
			buildActionMask = 2147483647;
			files = (
				A53E83212763863B00CA41B4 /* MyFirstiOSAppTests.swift in Sources */,
			);
			runOnlyForDeploymentPostprocessing = 0;
		};
		A53E83222763863B00CA41B4 /* Sources */ = {
			isa = PBXSourcesBuildPhase;
			buildActionMask = 2147483647;
			files = (
				A53E832B2763863B00CA41B4 /* MyFirstiOSAppUITests.swift in Sources */,
				A53E832D2763863B00CA41B4 /* MyFirstiOSAppUITestsLaunchTests.swift in Sources */,
			);
			runOnlyForDeploymentPostprocessing = 0;
		};
/* End PBXSourcesBuildPhase section */

/* Begin PBXTargetDependency section */
		A53E831E2763863B00CA41B4 /* PBXTargetDependency */ = {
			isa = PBXTargetDependency;
			target = A53E83052763863A00CA41B4 /* MyFirstiOSApp */;
			targetProxy = A53E831D2763863B00CA41B4 /* PBXContainerItemProxy */;
		};
		A53E83282763863B00CA41B4 /* PBXTargetDependency */ = {
			isa = PBXTargetDependency;
			target = A53E83052763863A00CA41B4 /* MyFirstiOSApp */;
			targetProxy = A53E83272763863B00CA41B4 /* PBXContainerItemProxy */;
		};
/* End PBXTargetDependency section */

/* Begin PBXVariantGroup section */
		A53E830F2763863A00CA41B4 /* Main.storyboard */ = {
			isa = PBXVariantGroup;
			children = (
				A53E83102763863A00CA41B4 /* Base */,
			);
			name = Main.storyboard;
			sourceTree = "<group>";
		};
		A53E83142763863B00CA41B4 /* LaunchScreen.storyboard */ = {
			isa = PBXVariantGroup;
			children = (
				A53E83152763863B00CA41B4 /* Base */,
			);
			name = LaunchScreen.storyboard;
			sourceTree = "<group>";
		};
/* End PBXVariantGroup section */

/* Begin XCBuildConfiguration section */
		A53E832E2763863B00CA41B4 /* Debug */ = {
			isa = XCBuildConfiguration;
			buildSettings = {
				ALWAYS_SEARCH_USER_PATHS = NO;
				CLANG_ANALYZER_NONNULL = YES;
				CLANG_ANALYZER_NUMBER_OBJECT_CONVERSION = YES_AGGRESSIVE;
				CLANG_CXX_LANGUAGE_STANDARD = "gnu++17";
				CLANG_CXX_LIBRARY = "libc++";
				CLANG_ENABLE_MODULES = YES;
				CLANG_ENABLE_OBJC_ARC = YES;
				CLANG_ENABLE_OBJC_WEAK = YES;
				CLANG_WARN_BLOCK_CAPTURE_AUTORELEASING = YES;
				CLANG_WARN_BOOL_CONVERSION = YES;
				CLANG_WARN_COMMA = YES;
				CLANG_WARN_CONSTANT_CONVERSION = YES;
				CLANG_WARN_DEPRECATED_OBJC_IMPLEMENTATIONS = YES;
				CLANG_WARN_DIRECT_OBJC_ISA_USAGE = YES_ERROR;
				CLANG_WARN_DOCUMENTATION_COMMENTS = YES;
				CLANG_WARN_EMPTY_BODY = YES;
				CLANG_WARN_ENUM_CONVERSION = YES;
				CLANG_WARN_INFINITE_RECURSION = YES;
				CLANG_WARN_INT_CONVERSION = YES;
				CLANG_WARN_NON_LITERAL_NULL_CONVERSION = YES;
				CLANG_WARN_OBJC_IMPLICIT_RETAIN_SELF = YES;
				CLANG_WARN_OBJC_LITERAL_CONVERSION = YES;
				CLANG_WARN_OBJC_ROOT_CLASS = YES_ERROR;
				CLANG_WARN_QUOTED_INCLUDE_IN_FRAMEWORK_HEADER = YES;
				CLANG_WARN_RANGE_LOOP_ANALYSIS = YES;
				CLANG_WARN_STRICT_PROTOTYPES = YES;
				CLANG_WARN_SUSPICIOUS_MOVE = YES;
				CLANG_WARN_UNGUARDED_AVAILABILITY = YES_AGGRESSIVE;
				CLANG_WARN_UNREACHABLE_CODE = YES;
				CLANG_WARN__DUPLICATE_METHOD_MATCH = YES;
				COPY_PHASE_STRIP = NO;
				DEBUG_INFORMATION_FORMAT = dwarf;
				ENABLE_STRICT_OBJC_MSGSEND = YES;
				ENABLE_TESTABILITY = YES;
				GCC_C_LANGUAGE_STANDARD = gnu11;
				GCC_DYNAMIC_NO_PIC = NO;
				GCC_NO_COMMON_BLOCKS = YES;
				GCC_OPTIMIZATION_LEVEL = 0;
				GCC_PREPROCESSOR_DEFINITIONS = (
					"DEBUG=1",
					"$(inherited)",
				);
				GCC_WARN_64_TO_32_BIT_CONVERSION = YES;
				GCC_WARN_ABOUT_RETURN_TYPE = YES_ERROR;
				GCC_WARN_UNDECLARED_SELECTOR = YES;
				GCC_WARN_UNINITIALIZED_AUTOS = YES_AGGRESSIVE;
				GCC_WARN_UNUSED_FUNCTION = YES;
				GCC_WARN_UNUSED_VARIABLE = YES;
				IPHONEOS_DEPLOYMENT_TARGET = 15.0;
				MTL_ENABLE_DEBUG_INFO = INCLUDE_SOURCE;
				MTL_FAST_MATH = YES;
				ONLY_ACTIVE_ARCH = YES;
				SDKROOT = iphoneos;
				SWIFT_ACTIVE_COMPILATION_CONDITIONS = DEBUG;
				SWIFT_OPTIMIZATION_LEVEL = "-Onone";
			};
			name = Debug;
		};
		A53E832F2763863B00CA41B4 /* Release */ = {
			isa = XCBuildConfiguration;
			buildSettings = {
				ALWAYS_SEARCH_USER_PATHS = NO;
				CLANG_ANALYZER_NONNULL = YES;
				CLANG_ANALYZER_NUMBER_OBJECT_CONVERSION = YES_AGGRESSIVE;
				CLANG_CXX_LANGUAGE_STANDARD = "gnu++17";
				CLANG_CXX_LIBRARY = "libc++";
				CLANG_ENABLE_MODULES = YES;
				CLANG_ENABLE_OBJC_ARC = YES;
				CLANG_ENABLE_OBJC_WEAK = YES;
				CLANG_WARN_BLOCK_CAPTURE_AUTORELEASING = YES;
				CLANG_WARN_BOOL_CONVERSION = YES;
				CLANG_WARN_COMMA = YES;
				CLANG_WARN_CONSTANT_CONVERSION = YES;
				CLANG_WARN_DEPRECATED_OBJC_IMPLEMENTATIONS = YES;
				CLANG_WARN_DIRECT_OBJC_ISA_USAGE = YES_ERROR;
				CLANG_WARN_DOCUMENTATION_COMMENTS = YES;
				CLANG_WARN_EMPTY_BODY = YES;
				CLANG_WARN_ENUM_CONVERSION = YES;
				CLANG_WARN_INFINITE_RECURSION = YES;
				CLANG_WARN_INT_CONVERSION = YES;
				CLANG_WARN_NON_LITERAL_NULL_CONVERSION = YES;
				CLANG_WARN_OBJC_IMPLICIT_RETAIN_SELF = YES;
				CLANG_WARN_OBJC_LITERAL_CONVERSION = YES;
				CLANG_WARN_OBJC_ROOT_CLASS = YES_ERROR;
				CLANG_WARN_QUOTED_INCLUDE_IN_FRAMEWORK_HEADER = YES;
				CLANG_WARN_RANGE_LOOP_ANALYSIS = YES;
				CLANG_WARN_STRICT_PROTOTYPES = YES;
				CLANG_WARN_SUSPICIOUS_MOVE = YES;
				CLANG_WARN_UNGUARDED_AVAILABILITY = YES_AGGRESSIVE;
				CLANG_WARN_UNREACHABLE_CODE = YES;
				CLANG_WARN__DUPLICATE_METHOD_MATCH = YES;
				COPY_PHASE_STRIP = NO;
				DEBUG_INFORMATION_FORMAT = "dwarf-with-dsym";
				ENABLE_NS_ASSERTIONS = NO;
				ENABLE_STRICT_OBJC_MSGSEND = YES;
				GCC_C_LANGUAGE_STANDARD = gnu11;
				GCC_NO_COMMON_BLOCKS = YES;
				GCC_WARN_64_TO_32_BIT_CONVERSION = YES;
				GCC_WARN_ABOUT_RETURN_TYPE = YES_ERROR;
				GCC_WARN_UNDECLARED_SELECTOR = YES;
				GCC_WARN_UNINITIALIZED_AUTOS = YES_AGGRESSIVE;
				GCC_WARN_UNUSED_FUNCTION = YES;
				GCC_WARN_UNUSED_VARIABLE = YES;
				IPHONEOS_DEPLOYMENT_TARGET = 15.0;
				MTL_ENABLE_DEBUG_INFO = NO;
				MTL_FAST_MATH = YES;
				SDKROOT = iphoneos;
				SWIFT_COMPILATION_MODE = wholemodule;
				SWIFT_OPTIMIZATION_LEVEL = "-O";
				VALIDATE_PRODUCT = YES;
			};
			name = Release;
		};
		A53E83312763863B00CA41B4 /* Debug */ = {
			isa = XCBuildConfiguration;
			buildSettings = {
				ASSETCATALOG_COMPILER_APPICON_NAME = AppIcon;
				ASSETCATALOG_COMPILER_GLOBAL_ACCENT_COLOR_NAME = AccentColor;
				CODE_SIGN_STYLE = Automatic;
				CURRENT_PROJECT_VERSION = 1;
				GENERATE_INFOPLIST_FILE = YES;
				INFOPLIST_FILE = MyFirstiOSApp/Info.plist;
				INFOPLIST_KEY_UIApplicationSupportsIndirectInputEvents = YES;
				INFOPLIST_KEY_UILaunchStoryboardName = LaunchScreen;
				INFOPLIST_KEY_UIMainStoryboardFile = Main;
				INFOPLIST_KEY_UISupportedInterfaceOrientations_iPad = "UIInterfaceOrientationPortrait UIInterfaceOrientationPortraitUpsideDown UIInterfaceOrientationLandscapeLeft UIInterfaceOrientationLandscapeRight";
				INFOPLIST_KEY_UISupportedInterfaceOrientations_iPhone = "UIInterfaceOrientationPortrait UIInterfaceOrientationLandscapeLeft UIInterfaceOrientationLandscapeRight";
				LD_RUNPATH_SEARCH_PATHS = (
					"$(inherited)",
					"@executable_path/Frameworks",
				);
				MARKETING_VERSION = 1.0;
				PRODUCT_BUNDLE_IDENTIFIER = Fola.MyFirstiOSApp;
				PRODUCT_NAME = "$(TARGET_NAME)";
				SWIFT_EMIT_LOC_STRINGS = YES;
				SWIFT_VERSION = 5.0;
				TARGETED_DEVICE_FAMILY = "1,2";
			};
			name = Debug;
		};
		A53E83322763863B00CA41B4 /* Release */ = {
			isa = XCBuildConfiguration;
			buildSettings = {
				ASSETCATALOG_COMPILER_APPICON_NAME = AppIcon;
				ASSETCATALOG_COMPILER_GLOBAL_ACCENT_COLOR_NAME = AccentColor;
				CODE_SIGN_STYLE = Automatic;
				CURRENT_PROJECT_VERSION = 1;
				GENERATE_INFOPLIST_FILE = YES;
				INFOPLIST_FILE = MyFirstiOSApp/Info.plist;
				INFOPLIST_KEY_UIApplicationSupportsIndirectInputEvents = YES;
				INFOPLIST_KEY_UILaunchStoryboardName = LaunchScreen;
				INFOPLIST_KEY_UIMainStoryboardFile = Main;
				INFOPLIST_KEY_UISupportedInterfaceOrientations_iPad = "UIInterfaceOrientationPortrait UIInterfaceOrientationPortraitUpsideDown UIInterfaceOrientationLandscapeLeft UIInterfaceOrientationLandscapeRight";
				INFOPLIST_KEY_UISupportedInterfaceOrientations_iPhone = "UIInterfaceOrientationPortrait UIInterfaceOrientationLandscapeLeft UIInterfaceOrientationLandscapeRight";
				LD_RUNPATH_SEARCH_PATHS = (
					"$(inherited)",
					"@executable_path/Frameworks",
				);
				MARKETING_VERSION = 1.0;
				PRODUCT_BUNDLE_IDENTIFIER = Fola.MyFirstiOSApp;
				PRODUCT_NAME = "$(TARGET_NAME)";
				SWIFT_EMIT_LOC_STRINGS = YES;
				SWIFT_VERSION = 5.0;
				TARGETED_DEVICE_FAMILY = "1,2";
			};
			name = Release;
		};
		A53E83342763863B00CA41B4 /* Debug */ = {
			isa = XCBuildConfiguration;
			buildSettings = {
				ALWAYS_EMBED_SWIFT_STANDARD_LIBRARIES = YES;
				BUNDLE_LOADER = "$(TEST_HOST)";
				CODE_SIGN_STYLE = Automatic;
				CURRENT_PROJECT_VERSION = 1;
				GENERATE_INFOPLIST_FILE = YES;
				IPHONEOS_DEPLOYMENT_TARGET = 15.0;
				LD_RUNPATH_SEARCH_PATHS = (
					"$(inherited)",
					"@executable_path/Frameworks",
					"@loader_path/Frameworks",
				);
				MARKETING_VERSION = 1.0;
				PRODUCT_BUNDLE_IDENTIFIER = Fola.MyFirstiOSAppTests;
				PRODUCT_NAME = "$(TARGET_NAME)";
				SWIFT_EMIT_LOC_STRINGS = NO;
				SWIFT_VERSION = 5.0;
				TARGETED_DEVICE_FAMILY = "1,2";
				TEST_HOST = "$(BUILT_PRODUCTS_DIR)/MyFirstiOSApp.app/MyFirstiOSApp";
			};
			name = Debug;
		};
		A53E83352763863B00CA41B4 /* Release */ = {
			isa = XCBuildConfiguration;
			buildSettings = {
				ALWAYS_EMBED_SWIFT_STANDARD_LIBRARIES = YES;
				BUNDLE_LOADER = "$(TEST_HOST)";
				CODE_SIGN_STYLE = Automatic;
				CURRENT_PROJECT_VERSION = 1;
				GENERATE_INFOPLIST_FILE = YES;
				IPHONEOS_DEPLOYMENT_TARGET = 15.0;
				LD_RUNPATH_SEARCH_PATHS = (
					"$(inherited)",
					"@executable_path/Frameworks",
					"@loader_path/Frameworks",
				);
				MARKETING_VERSION = 1.0;
				PRODUCT_BUNDLE_IDENTIFIER = Fola.MyFirstiOSAppTests;
				PRODUCT_NAME = "$(TARGET_NAME)";
				SWIFT_EMIT_LOC_STRINGS = NO;
				SWIFT_VERSION = 5.0;
				TARGETED_DEVICE_FAMILY = "1,2";
				TEST_HOST = "$(BUILT_PRODUCTS_DIR)/MyFirstiOSApp.app/MyFirstiOSApp";
			};
			name = Release;
		};
		A53E83372763863B00CA41B4 /* Debug */ = {
			isa = XCBuildConfiguration;
			buildSettings = {
				ALWAYS_EMBED_SWIFT_STANDARD_LIBRARIES = YES;
				CODE_SIGN_STYLE = Automatic;
				CURRENT_PROJECT_VERSION = 1;
				GENERATE_INFOPLIST_FILE = YES;
				LD_RUNPATH_SEARCH_PATHS = (
					"$(inherited)",
					"@executable_path/Frameworks",
					"@loader_path/Frameworks",
				);
				MARKETING_VERSION = 1.0;
				PRODUCT_BUNDLE_IDENTIFIER = Fola.MyFirstiOSAppUITests;
				PRODUCT_NAME = "$(TARGET_NAME)";
				SWIFT_EMIT_LOC_STRINGS = NO;
				SWIFT_VERSION = 5.0;
				TARGETED_DEVICE_FAMILY = "1,2";
				TEST_TARGET_NAME = MyFirstiOSApp;
			};
			name = Debug;
		};
		A53E83382763863B00CA41B4 /* Release */ = {
			isa = XCBuildConfiguration;
			buildSettings = {
				ALWAYS_EMBED_SWIFT_STANDARD_LIBRARIES = YES;
				CODE_SIGN_STYLE = Automatic;
				CURRENT_PROJECT_VERSION = 1;
				GENERATE_INFOPLIST_FILE = YES;
				LD_RUNPATH_SEARCH_PATHS = (
					"$(inherited)",
					"@executable_path/Frameworks",
					"@loader_path/Frameworks",
				);
				MARKETING_VERSION = 1.0;
				PRODUCT_BUNDLE_IDENTIFIER = Fola.MyFirstiOSAppUITests;
				PRODUCT_NAME = "$(TARGET_NAME)";
				SWIFT_EMIT_LOC_STRINGS = NO;
				SWIFT_VERSION = 5.0;
				TARGETED_DEVICE_FAMILY = "1,2";
				TEST_TARGET_NAME = MyFirstiOSApp;
			};
			name = Release;
		};
/* End XCBuildConfiguration section */

/* Begin XCConfigurationList section */
		A53E83012763863A00CA41B4 /* Build configuration list for PBXProject "MyFirstiOSApp" */ = {
			isa = XCConfigurationList;
			buildConfigurations = (
				A53E832E2763863B00CA41B4 /* Debug */,
				A53E832F2763863B00CA41B4 /* Release */,
			);
			defaultConfigurationIsVisible = 0;
			defaultConfigurationName = Release;
		};
		A53E83302763863B00CA41B4 /* Build configuration list for PBXNativeTarget "MyFirstiOSApp" */ = {
			isa = XCConfigurationList;
			buildConfigurations = (
				A53E83312763863B00CA41B4 /* Debug */,
				A53E83322763863B00CA41B4 /* Release */,
			);
			defaultConfigurationIsVisible = 0;
			defaultConfigurationName = Release;
		};
		A53E83332763863B00CA41B4 /* Build configuration list for PBXNativeTarget "MyFirstiOSAppTests" */ = {
			isa = XCConfigurationList;
			buildConfigurations = (
				A53E83342763863B00CA41B4 /* Debug */,
				A53E83352763863B00CA41B4 /* Release */,
			);
			defaultConfigurationIsVisible = 0;
			defaultConfigurationName = Release;
		};
		A53E83362763863B00CA41B4 /* Build configuration list for PBXNativeTarget "MyFirstiOSAppUITests" */ = {
			isa = XCConfigurationList;
			buildConfigurations = (
				A53E83372763863B00CA41B4 /* Debug */,
				A53E83382763863B00CA41B4 /* Release */,
			);
			defaultConfigurationIsVisible = 0;
			defaultConfigurationName = Release;
		};
/* End XCConfigurationList section */
	};
	rootObject = A53E82FE2763863A00CA41B4 /* Project object */;
}
